
Microsoft Visual Studio Solution File, Format Version 12.00
# Visual Studio Version 17
VisualStudioVersion = 17.4.33103.184
MinimumVisualStudioVersion = 10.0.40219.1
Project("{2150E333-8FDC-42A3-9474-1A3956D46DE8}") = "Solution Items", "Solution Items", "{BB34A2E0-E7AE-41DE-8732-59EAF6653C70}"
	ProjectSection(SolutionItems) = preProject
		ServiceUrls.txt = ServiceUrls.txt
	EndProjectSection
EndProject
Project("{2150E333-8FDC-42A3-9474-1A3956D46DE8}") = "src", "src", "{FB726690-C6B0-403B-B16F-78A3BB2324D7}"
EndProject
Project("{2150E333-8FDC-42A3-9474-1A3956D46DE8}") = "AppGateways", "AppGateways", "{64BC3A26-E2AC-438B-A752-81217C578B91}"
EndProject
Project("{2150E333-8FDC-42A3-9474-1A3956D46DE8}") = "BuildingBlocks", "BuildingBlocks", "{C3F3F828-E3CC-49CD-B1B7-EA9FE2B0D61E}"
EndProject
Project("{2150E333-8FDC-42A3-9474-1A3956D46DE8}") = "Client", "Client", "{93C02C06-0C92-46D3-87AA-5B5AE20ED40E}"
EndProject
Project("{2150E333-8FDC-42A3-9474-1A3956D46DE8}") = "Services", "Services", "{5C7F249D-3256-4CA2-BDF4-B6BC1B50FB53}"
EndProject
Project("{2150E333-8FDC-42A3-9474-1A3956D46DE8}") = "WebApiGateway", "WebApiGateway", "{608A9150-A633-40FA-8910-B0BB9E8467EE}"
EndProject
Project("{FAE04EC0-301F-11D3-BF4B-00C04F79EFBC}") = "Web.ApiGateway", "src\AppGateways\Web.ApiGateway\Web.ApiGateway.csproj", "{15F1A3A1-F827-42BA-95CA-52BE2F2F344C}"
EndProject
Project("{2150E333-8FDC-42A3-9474-1A3956D46DE8}") = "EventBus", "EventBus", "{B0101A46-06D7-4347-BFCD-99DC0D4B7413}"
EndProject
Project("{FAE04EC0-301F-11D3-BF4B-00C04F79EFBC}") = "EventBus.Base", "src\BuildingBlocks\EventBus\EventBus.Base\EventBus.Base.csproj", "{282D613E-F3E6-4045-8B0C-6DCAD64FFE58}"
EndProject
Project("{FAE04EC0-301F-11D3-BF4B-00C04F79EFBC}") = "EventBus.Factory", "src\BuildingBlocks\EventBus\EventBus.Factory\EventBus.Factory.csproj", "{C8DA484C-2EB0-4C26-8872-8139E3D346B1}"
EndProject
Project("{FAE04EC0-301F-11D3-BF4B-00C04F79EFBC}") = "EventBus.RabbitMQ", "src\BuildingBlocks\EventBus\EventBus.RabbitMQ\EventBus.RabbitMQ.csproj", "{76D75DFF-90C7-4012-AE37-C3B87774AB8F}"
EndProject
Project("{FAE04EC0-301F-11D3-BF4B-00C04F79EFBC}") = "EventBus.AzureServiceBus", "src\BuildingBlocks\EventBus\EventBus.AzureServiceBus\EventBus.AzureServiceBus.csproj", "{362FEB61-032D-4AB0-BCEA-721D77D947BF}"
EndProject
Project("{2150E333-8FDC-42A3-9474-1A3956D46DE8}") = "tests", "tests", "{625F5545-0231-4CDC-8FB1-0C54064805B3}"
EndProject
Project("{2150E333-8FDC-42A3-9474-1A3956D46DE8}") = "BuildingBlocks", "BuildingBlocks", "{83BC4CB9-D698-41A7-9A65-5BF53C480A8C}"
EndProject
Project("{FAE04EC0-301F-11D3-BF4B-00C04F79EFBC}") = "TestProject1", "tests\BuildingBlocks\TestProject1\TestProject1.csproj", "{4BF790E3-260B-4E0F-A8B7-B0C737D7C5B2}"
EndProject
Project("{FAE04EC0-301F-11D3-BF4B-00C04F79EFBC}") = "Catalog.API", "src\Services\Catalog.API\Catalog.API.csproj", "{8EBFC8DA-939D-485C-AD4F-AA3E9119B2B9}"
EndProject
Project("{FAE04EC0-301F-11D3-BF4B-00C04F79EFBC}") = "Product.API", "src\Services\Product.API\Product.API.csproj", "{2B0BFCCB-62D6-4906-B991-1A4090DA342E}"
EndProject
Project("{FAE04EC0-301F-11D3-BF4B-00C04F79EFBC}") = "Account.API", "src\Services\Account.API\Account.API.csproj", "{A20A68B6-0787-4D04-AC1B-C03FF24B0782}"
EndProject
Project("{FAE04EC0-301F-11D3-BF4B-00C04F79EFBC}") = "Counterparty.API", "src\Services\Counterparty.API\Counterparty.API.csproj", "{D588ACC9-1F19-4538-A656-7D70433E4FF2}"
EndProject
Project("{FAE04EC0-301F-11D3-BF4B-00C04F79EFBC}") = "Identity.API", "src\Services\Identity.API\Identity.API.csproj", "{A7D1B17B-85F1-480A-936F-FC9B9B3D455B}"
EndProject
Project("{FAE04EC0-301F-11D3-BF4B-00C04F79EFBC}") = "Notification.API", "src\Services\Notification.API\Notification.API.csproj", "{550F6254-FB62-4011-9191-9E2F9FF19B8E}"
EndProject
Project("{FAE04EC0-301F-11D3-BF4B-00C04F79EFBC}") = "Managment.API", "src\Services\Managment.API\Managment.API.csproj", "{D8597AED-7E77-468B-A5BC-7D08560E1507}"
EndProject
Global
	GlobalSection(SolutionConfigurationPlatforms) = preSolution
		Debug|Any CPU = Debug|Any CPU
		Release|Any CPU = Release|Any CPU
	EndGlobalSection
	GlobalSection(ProjectConfigurationPlatforms) = postSolution
		{15F1A3A1-F827-42BA-95CA-52BE2F2F344C}.Debug|Any CPU.ActiveCfg = Debug|Any CPU
		{15F1A3A1-F827-42BA-95CA-52BE2F2F344C}.Debug|Any CPU.Build.0 = Debug|Any CPU
		{15F1A3A1-F827-42BA-95CA-52BE2F2F344C}.Release|Any CPU.ActiveCfg = Release|Any CPU
		{15F1A3A1-F827-42BA-95CA-52BE2F2F344C}.Release|Any CPU.Build.0 = Release|Any CPU
		{282D613E-F3E6-4045-8B0C-6DCAD64FFE58}.Debug|Any CPU.ActiveCfg = Debug|Any CPU
		{282D613E-F3E6-4045-8B0C-6DCAD64FFE58}.Debug|Any CPU.Build.0 = Debug|Any CPU
		{282D613E-F3E6-4045-8B0C-6DCAD64FFE58}.Release|Any CPU.ActiveCfg = Release|Any CPU
		{282D613E-F3E6-4045-8B0C-6DCAD64FFE58}.Release|Any CPU.Build.0 = Release|Any CPU
		{C8DA484C-2EB0-4C26-8872-8139E3D346B1}.Debug|Any CPU.ActiveCfg = Debug|Any CPU
		{C8DA484C-2EB0-4C26-8872-8139E3D346B1}.Debug|Any CPU.Build.0 = Debug|Any CPU
		{C8DA484C-2EB0-4C26-8872-8139E3D346B1}.Release|Any CPU.ActiveCfg = Release|Any CPU
		{C8DA484C-2EB0-4C26-8872-8139E3D346B1}.Release|Any CPU.Build.0 = Release|Any CPU
		{76D75DFF-90C7-4012-AE37-C3B87774AB8F}.Debug|Any CPU.ActiveCfg = Debug|Any CPU
		{76D75DFF-90C7-4012-AE37-C3B87774AB8F}.Debug|Any CPU.Build.0 = Debug|Any CPU
		{76D75DFF-90C7-4012-AE37-C3B87774AB8F}.Release|Any CPU.ActiveCfg = Release|Any CPU
		{76D75DFF-90C7-4012-AE37-C3B87774AB8F}.Release|Any CPU.Build.0 = Release|Any CPU
		{362FEB61-032D-4AB0-BCEA-721D77D947BF}.Debug|Any CPU.ActiveCfg = Debug|Any CPU
		{362FEB61-032D-4AB0-BCEA-721D77D947BF}.Debug|Any CPU.Build.0 = Debug|Any CPU
		{362FEB61-032D-4AB0-BCEA-721D77D947BF}.Release|Any CPU.ActiveCfg = Release|Any CPU
		{362FEB61-032D-4AB0-BCEA-721D77D947BF}.Release|Any CPU.Build.0 = Release|Any CPU
		{4BF790E3-260B-4E0F-A8B7-B0C737D7C5B2}.Debug|Any CPU.ActiveCfg = Debug|Any CPU
		{4BF790E3-260B-4E0F-A8B7-B0C737D7C5B2}.Debug|Any CPU.Build.0 = Debug|Any CPU
		{4BF790E3-260B-4E0F-A8B7-B0C737D7C5B2}.Release|Any CPU.ActiveCfg = Release|Any CPU
		{4BF790E3-260B-4E0F-A8B7-B0C737D7C5B2}.Release|Any CPU.Build.0 = Release|Any CPU
		{8EBFC8DA-939D-485C-AD4F-AA3E9119B2B9}.Debug|Any CPU.ActiveCfg = Debug|Any CPU
		{8EBFC8DA-939D-485C-AD4F-AA3E9119B2B9}.Debug|Any CPU.Build.0 = Debug|Any CPU
		{8EBFC8DA-939D-485C-AD4F-AA3E9119B2B9}.Release|Any CPU.ActiveCfg = Release|Any CPU
		{8EBFC8DA-939D-485C-AD4F-AA3E9119B2B9}.Release|Any CPU.Build.0 = Release|Any CPU
		{2B0BFCCB-62D6-4906-B991-1A4090DA342E}.Debug|Any CPU.ActiveCfg = Debug|Any CPU
		{2B0BFCCB-62D6-4906-B991-1A4090DA342E}.Debug|Any CPU.Build.0 = Debug|Any CPU
		{2B0BFCCB-62D6-4906-B991-1A4090DA342E}.Release|Any CPU.ActiveCfg = Release|Any CPU
		{2B0BFCCB-62D6-4906-B991-1A4090DA342E}.Release|Any CPU.Build.0 = Release|Any CPU
		{A20A68B6-0787-4D04-AC1B-C03FF24B0782}.Debug|Any CPU.ActiveCfg = Debug|Any CPU
		{A20A68B6-0787-4D04-AC1B-C03FF24B0782}.Debug|Any CPU.Build.0 = Debug|Any CPU
		{A20A68B6-0787-4D04-AC1B-C03FF24B0782}.Release|Any CPU.ActiveCfg = Release|Any CPU
		{A20A68B6-0787-4D04-AC1B-C03FF24B0782}.Release|Any CPU.Build.0 = Release|Any CPU
		{D588ACC9-1F19-4538-A656-7D70433E4FF2}.Debug|Any CPU.ActiveCfg = Debug|Any CPU
		{D588ACC9-1F19-4538-A656-7D70433E4FF2}.Debug|Any CPU.Build.0 = Debug|Any CPU
		{D588ACC9-1F19-4538-A656-7D70433E4FF2}.Release|Any CPU.ActiveCfg = Release|Any CPU
		{D588ACC9-1F19-4538-A656-7D70433E4FF2}.Release|Any CPU.Build.0 = Release|Any CPU
		{A7D1B17B-85F1-480A-936F-FC9B9B3D455B}.Debug|Any CPU.ActiveCfg = Debug|Any CPU
		{A7D1B17B-85F1-480A-936F-FC9B9B3D455B}.Debug|Any CPU.Build.0 = Debug|Any CPU
		{A7D1B17B-85F1-480A-936F-FC9B9B3D455B}.Release|Any CPU.ActiveCfg = Release|Any CPU
		{A7D1B17B-85F1-480A-936F-FC9B9B3D455B}.Release|Any CPU.Build.0 = Release|Any CPU
		{550F6254-FB62-4011-9191-9E2F9FF19B8E}.Debug|Any CPU.ActiveCfg = Debug|Any CPU
		{550F6254-FB62-4011-9191-9E2F9FF19B8E}.Debug|Any CPU.Build.0 = Debug|Any CPU
		{550F6254-FB62-4011-9191-9E2F9FF19B8E}.Release|Any CPU.ActiveCfg = Release|Any CPU
		{550F6254-FB62-4011-9191-9E2F9FF19B8E}.Release|Any CPU.Build.0 = Release|Any CPU
		{D8597AED-7E77-468B-A5BC-7D08560E1507}.Debug|Any CPU.ActiveCfg = Debug|Any CPU
		{D8597AED-7E77-468B-A5BC-7D08560E1507}.Debug|Any CPU.Build.0 = Debug|Any CPU
		{D8597AED-7E77-468B-A5BC-7D08560E1507}.Release|Any CPU.ActiveCfg = Release|Any CPU
		{D8597AED-7E77-468B-A5BC-7D08560E1507}.Release|Any CPU.Build.0 = Release|Any CPU
	EndGlobalSection
	GlobalSection(SolutionProperties) = preSolution
		HideSolutionNode = FALSE
	EndGlobalSection
	GlobalSection(NestedProjects) = preSolution
		{64BC3A26-E2AC-438B-A752-81217C578B91} = {FB726690-C6B0-403B-B16F-78A3BB2324D7}
		{C3F3F828-E3CC-49CD-B1B7-EA9FE2B0D61E} = {FB726690-C6B0-403B-B16F-78A3BB2324D7}
		{93C02C06-0C92-46D3-87AA-5B5AE20ED40E} = {FB726690-C6B0-403B-B16F-78A3BB2324D7}
		{5C7F249D-3256-4CA2-BDF4-B6BC1B50FB53} = {FB726690-C6B0-403B-B16F-78A3BB2324D7}
		{608A9150-A633-40FA-8910-B0BB9E8467EE} = {64BC3A26-E2AC-438B-A752-81217C578B91}
		{15F1A3A1-F827-42BA-95CA-52BE2F2F344C} = {608A9150-A633-40FA-8910-B0BB9E8467EE}
		{B0101A46-06D7-4347-BFCD-99DC0D4B7413} = {C3F3F828-E3CC-49CD-B1B7-EA9FE2B0D61E}
		{282D613E-F3E6-4045-8B0C-6DCAD64FFE58} = {B0101A46-06D7-4347-BFCD-99DC0D4B7413}
		{C8DA484C-2EB0-4C26-8872-8139E3D346B1} = {B0101A46-06D7-4347-BFCD-99DC0D4B7413}
		{76D75DFF-90C7-4012-AE37-C3B87774AB8F} = {B0101A46-06D7-4347-BFCD-99DC0D4B7413}
		{362FEB61-032D-4AB0-BCEA-721D77D947BF} = {B0101A46-06D7-4347-BFCD-99DC0D4B7413}
		{83BC4CB9-D698-41A7-9A65-5BF53C480A8C} = {625F5545-0231-4CDC-8FB1-0C54064805B3}
		{4BF790E3-260B-4E0F-A8B7-B0C737D7C5B2} = {83BC4CB9-D698-41A7-9A65-5BF53C480A8C}
		{8EBFC8DA-939D-485C-AD4F-AA3E9119B2B9} = {5C7F249D-3256-4CA2-BDF4-B6BC1B50FB53}
		{2B0BFCCB-62D6-4906-B991-1A4090DA342E} = {5C7F249D-3256-4CA2-BDF4-B6BC1B50FB53}
		{A20A68B6-0787-4D04-AC1B-C03FF24B0782} = {5C7F249D-3256-4CA2-BDF4-B6BC1B50FB53}
		{D588ACC9-1F19-4538-A656-7D70433E4FF2} = {5C7F249D-3256-4CA2-BDF4-B6BC1B50FB53}
		{A7D1B17B-85F1-480A-936F-FC9B9B3D455B} = {5C7F249D-3256-4CA2-BDF4-B6BC1B50FB53}
		{550F6254-FB62-4011-9191-9E2F9FF19B8E} = {5C7F249D-3256-4CA2-BDF4-B6BC1B50FB53}
		{D8597AED-7E77-468B-A5BC-7D08560E1507} = {5C7F249D-3256-4CA2-BDF4-B6BC1B50FB53}
	EndGlobalSection
	GlobalSection(ExtensibilityGlobals) = postSolution
		SolutionGuid = {D04E5D66-6EEA-42F1-BC3D-E5870985D5BB}
	EndGlobalSection
EndGlobal
